
Microsoft Visual Studio Solution File, Format Version 12.00
Project("{FAE04EC0-301F-11D3-BF4B-00C04F79EFBC}") = "Onerov.InterviewSet.Optimization", "Onerov.InterviewSet.Optimization\Onerov.InterviewSet.Optimization.csproj", "{AC4439A6-CAEB-4A4E-90AD-1906376FAA68}"
EndProject
Project("{FAE04EC0-301F-11D3-BF4B-00C04F79EFBC}") = "Onerov.Interviewset.Optimization.Infra", "Onerov.Interviewset.Optimization.Infra\Onerov.Interviewset.Optimization.Infra.csproj", "{4BEBF93F-2758-4372-9499-A14D42E4A120}"
EndProject
Global
	GlobalSection(SolutionConfigurationPlatforms) = preSolution
		Debug|Any CPU = Debug|Any CPU
		Release|Any CPU = Release|Any CPU
	EndGlobalSection
	GlobalSection(ProjectConfigurationPlatforms) = postSolution
		{AC4439A6-CAEB-4A4E-90AD-1906376FAA68}.Debug|Any CPU.ActiveCfg = Debug|Any CPU
		{AC4439A6-CAEB-4A4E-90AD-1906376FAA68}.Debug|Any CPU.Build.0 = Debug|Any CPU
		{AC4439A6-CAEB-4A4E-90AD-1906376FAA68}.Release|Any CPU.ActiveCfg = Release|Any CPU
		{AC4439A6-CAEB-4A4E-90AD-1906376FAA68}.Release|Any CPU.Build.0 = Release|Any CPU
		{4BEBF93F-2758-4372-9499-A14D42E4A120}.Debug|Any CPU.ActiveCfg = Debug|Any CPU
		{4BEBF93F-2758-4372-9499-A14D42E4A120}.Debug|Any CPU.Build.0 = Debug|Any CPU
		{4BEBF93F-2758-4372-9499-A14D42E4A120}.Release|Any CPU.ActiveCfg = Release|Any CPU
		{4BEBF93F-2758-4372-9499-A14D42E4A120}.Release|Any CPU.Build.0 = Release|Any CPU
	EndGlobalSection
EndGlobal
